
Microsoft Visual Studio Solution File, Format Version 12.00
# Visual Studio 15
VisualStudioVersion = 15.0.28307.572
MinimumVisualStudioVersion = 10.0.40219.1
Project("{9A19103F-16F7-4668-BE54-9A1E7A4F7556}") = "server", "server\server.csproj", "{6C9FBF10-4F3E-4756-BC51-4B4D3287C402}"
EndProject
Project("{FAE04EC0-301F-11D3-BF4B-00C04F79EFBC}") = "server.tests", "server.tests\server.tests.csproj", "{B4ACD8C7-9C05-4238-AF9F-AB5285D4161B}"
EndProject
Global
	GlobalSection(SolutionConfigurationPlatforms) = preSolution
		Debug|Any CPU = Debug|Any CPU
		Release|Any CPU = Release|Any CPU
	EndGlobalSection
	GlobalSection(ProjectConfigurationPlatforms) = postSolution
		{6C9FBF10-4F3E-4756-BC51-4B4D3287C402}.Debug|Any CPU.ActiveCfg = Debug|Any CPU
		{6C9FBF10-4F3E-4756-BC51-4B4D3287C402}.Debug|Any CPU.Build.0 = Debug|Any CPU
		{6C9FBF10-4F3E-4756-BC51-4B4D3287C402}.Release|Any CPU.ActiveCfg = Release|Any CPU
		{6C9FBF10-4F3E-4756-BC51-4B4D3287C402}.Release|Any CPU.Build.0 = Release|Any CPU
		{B4ACD8C7-9C05-4238-AF9F-AB5285D4161B}.Debug|Any CPU.ActiveCfg = Debug|Any CPU
		{B4ACD8C7-9C05-4238-AF9F-AB5285D4161B}.Debug|Any CPU.Build.0 = Debug|Any CPU
		{B4ACD8C7-9C05-4238-AF9F-AB5285D4161B}.Release|Any CPU.ActiveCfg = Release|Any CPU
		{B4ACD8C7-9C05-4238-AF9F-AB5285D4161B}.Release|Any CPU.Build.0 = Release|Any CPU
	EndGlobalSection
	GlobalSection(SolutionProperties) = preSolution
		HideSolutionNode = FALSE
	EndGlobalSection
	GlobalSection(ExtensibilityGlobals) = postSolution
		SolutionGuid = {4703D865-DFC9-4BFC-8D95-E5A372F4533A}
	EndGlobalSection
EndGlobal
